{
    "_meta": {
        "hash": {
            "sha256": "70eca2732fad48fdfcdc4f189c62a47c28b141dd4cc9791a4ada7cf29912e23e"
        },
        "pipfile-spec": 6,
        "requires": {
            "python_full_version": "3.12.3",
            "python_version": "3.12"
        },
        "sources": [
            {
                "name": "pypi",
                "url": "https://pypi.org/simple",
                "verify_ssl": true
            }
        ]
    },
    "default": {},
    "develop": {}
}
